
Microsoft Visual Studio Solution File, Format Version 12.00
# Visual Studio Version 17
VisualStudioVersion = 17.12.35527.113 d17.12
MinimumVisualStudioVersion = 10.0.40219.1
Project("{FAE04EC0-301F-11D3-BF4B-00C04F79EFBC}") = "switchingTrial", "switchingTrial.csproj", "{C2A7AA8D-1F94-43D0-9DED-9F6C16411293}"
EndProject
Global
	GlobalSection(SolutionConfigurationPlatforms) = preSolution
		Debug|Any CPU = Debug|Any CPU
		Release|Any CPU = Release|Any CPU
	EndGlobalSection
	GlobalSection(ProjectConfigurationPlatforms) = postSolution
		{C2A7AA8D-1F94-43D0-9DED-9F6C16411293}.Debug|Any CPU.ActiveCfg = Debug|Any CPU
		{C2A7AA8D-1F94-43D0-9DED-9F6C16411293}.Debug|Any CPU.Build.0 = Debug|Any CPU
		{C2A7AA8D-1F94-43D0-9DED-9F6C16411293}.Release|Any CPU.ActiveCfg = Release|Any CPU
		{C2A7AA8D-1F94-43D0-9DED-9F6C16411293}.Release|Any CPU.Build.0 = Release|Any CPU
	EndGlobalSection
	GlobalSection(SolutionProperties) = preSolution
		HideSolutionNode = FALSE
	EndGlobalSection
EndGlobal
